
Microsoft Visual Studio Solution File, Format Version 12.00
# Visual Studio Version 17
VisualStudioVersion = 17.11.35312.102
MinimumVisualStudioVersion = 10.0.40219.1
Project("{FAE04EC0-301F-11D3-BF4B-00C04F79EFBC}") = "TreeApp", "TreeApp\TreeApp.csproj", "{987ECEF5-0433-4931-95B2-319A6A960425}"
EndProject
Global
	GlobalSection(SolutionConfigurationPlatforms) = preSolution
		Debug|Any CPU = Debug|Any CPU
		Release|Any CPU = Release|Any CPU
	EndGlobalSection
	GlobalSection(ProjectConfigurationPlatforms) = postSolution
		{987ECEF5-0433-4931-95B2-319A6A960425}.Debug|Any CPU.ActiveCfg = Debug|Any CPU
		{987ECEF5-0433-4931-95B2-319A6A960425}.Debug|Any CPU.Build.0 = Debug|Any CPU
		{987ECEF5-0433-4931-95B2-319A6A960425}.Release|Any CPU.ActiveCfg = Release|Any CPU
		{987ECEF5-0433-4931-95B2-319A6A960425}.Release|Any CPU.Build.0 = Release|Any CPU
	EndGlobalSection
	GlobalSection(SolutionProperties) = preSolution
		HideSolutionNode = FALSE
	EndGlobalSection
	GlobalSection(ExtensibilityGlobals) = postSolution
		SolutionGuid = {D2233AD8-ACB4-49D7-9E56-76567EFBF4E4}
	EndGlobalSection
EndGlobal
